// !$*UTF8*$!
{
	archiveVersion = 1;
	classes = {
	};
	objectVersion = 46;
	objects = {

/* Begin PBXBuildFile section */
		4E8170D215087B9100A5B914 /* UIKit.framework in Frameworks */ = {isa = PBXBuildFile; fileRef = 4E8170D115087B9100A5B914 /* UIKit.framework */; };
		4E8170D415087B9100A5B914 /* Foundation.framework in Frameworks */ = {isa = PBXBuildFile; fileRef = 4E8170D315087B9100A5B914 /* Foundation.framework */; };
		4E8170D615087B9100A5B914 /* CoreGraphics.framework in Frameworks */ = {isa = PBXBuildFile; fileRef = 4E8170D515087B9100A5B914 /* CoreGraphics.framework */; };
		4E8170DC15087B9100A5B914 /* InfoPlist.strings in Resources */ = {isa = PBXBuildFile; fileRef = 4E8170DA15087B9100A5B914 /* InfoPlist.strings */; };
		4E8170DE15087B9100A5B914 /* main.m in Sources */ = {isa = PBXBuildFile; fileRef = 4E8170DD15087B9100A5B914 /* main.m */; };
		4E8170E215087B9100A5B914 /* AppDelegate.m in Sources */ = {isa = PBXBuildFile; fileRef = 4E8170E115087B9100A5B914 /* AppDelegate.m */; };
		4E8170E515087B9100A5B914 /* ViewController.m in Sources */ = {isa = PBXBuildFile; fileRef = 4E8170E415087B9100A5B914 /* ViewController.m */; };
		4E8170E815087B9100A5B914 /* ViewController_iPhone.xib in Resources */ = {isa = PBXBuildFile; fileRef = 4E8170E615087B9100A5B914 /* ViewController_iPhone.xib */; };
		4E8170EB15087B9100A5B914 /* ViewController_iPad.xib in Resources */ = {isa = PBXBuildFile; fileRef = 4E8170E915087B9100A5B914 /* ViewController_iPad.xib */; };
		4E8170F415087BCA00A5B914 /* TBundleManager.m in Sources */ = {isa = PBXBuildFile; fileRef = 4E8170F315087BCA00A5B914 /* TBundleManager.m */; };
		4E8170F915087BD100A5B914 /* Bundle_iPad.bundle in Resources */ = {isa = PBXBuildFile; fileRef = 4E8170F615087BD100A5B914 /* Bundle_iPad.bundle */; };
		4E8170FA15087BD100A5B914 /* Bundle_Normal.bundle in Resources */ = {isa = PBXBuildFile; fileRef = 4E8170F715087BD100A5B914 /* Bundle_Normal.bundle */; };
		4E8170FB15087BD100A5B914 /* Bundle_Retina.bundle in Resources */ = {isa = PBXBuildFile; fileRef = 4E8170F815087BD100A5B914 /* Bundle_Retina.bundle */; };
		4E8170FE15087BE200A5B914 /* TImageCacheManager.m in Sources */ = {isa = PBXBuildFile; fileRef = 4E8170FD15087BE200A5B914 /* TImageCacheManager.m */; };
/* End PBXBuildFile section */

/* Begin PBXFileReference section */
		4E8170CD15087B9100A5B914 /* TImageManager.app */ = {isa = PBXFileReference; explicitFileType = wrapper.application; includeInIndex = 0; path = TImageManager.app; sourceTree = BUILT_PRODUCTS_DIR; };
		4E8170D115087B9100A5B914 /* UIKit.framework */ = {isa = PBXFileReference; lastKnownFileType = wrapper.framework; name = UIKit.framework; path = System/Library/Frameworks/UIKit.framework; sourceTree = SDKROOT; };
		4E8170D315087B9100A5B914 /* Foundation.framework */ = {isa = PBXFileReference; lastKnownFileType = wrapper.framework; name = Foundation.framework; path = System/Library/Frameworks/Foundation.framework; sourceTree = SDKROOT; };
		4E8170D515087B9100A5B914 /* CoreGraphics.framework */ = {isa = PBXFileReference; lastKnownFileType = wrapper.framework; name = CoreGraphics.framework; path = System/Library/Frameworks/CoreGraphics.framework; sourceTree = SDKROOT; };
		4E8170D915087B9100A5B914 /* TImageManager-Info.plist */ = {isa = PBXFileReference; lastKnownFileType = text.plist.xml; path = "TImageManager-Info.plist"; sourceTree = "<group>"; };
		4E8170DB15087B9100A5B914 /* en */ = {isa = PBXFileReference; lastKnownFileType = text.plist.strings; name = en; path = en.lproj/InfoPlist.strings; sourceTree = "<group>"; };
		4E8170DD15087B9100A5B914 /* main.m */ = {isa = PBXFileReference; lastKnownFileType = sourcecode.c.objc; path = main.m; sourceTree = "<group>"; };
		4E8170DF15087B9100A5B914 /* TImageManager-Prefix.pch */ = {isa = PBXFileReference; lastKnownFileType = sourcecode.c.h; path = "TImageManager-Prefix.pch"; sourceTree = "<group>"; };
		4E8170E015087B9100A5B914 /* AppDelegate.h */ = {isa = PBXFileReference; lastKnownFileType = sourcecode.c.h; path = AppDelegate.h; sourceTree = "<group>"; };
		4E8170E115087B9100A5B914 /* AppDelegate.m */ = {isa = PBXFileReference; lastKnownFileType = sourcecode.c.objc; path = AppDelegate.m; sourceTree = "<group>"; };
		4E8170E315087B9100A5B914 /* ViewController.h */ = {isa = PBXFileReference; lastKnownFileType = sourcecode.c.h; path = ViewController.h; sourceTree = "<group>"; };
		4E8170E415087B9100A5B914 /* ViewController.m */ = {isa = PBXFileReference; lastKnownFileType = sourcecode.c.objc; path = ViewController.m; sourceTree = "<group>"; };
		4E8170E715087B9100A5B914 /* en */ = {isa = PBXFileReference; lastKnownFileType = file.xib; name = en; path = en.lproj/ViewController_iPhone.xib; sourceTree = "<group>"; };
		4E8170EA15087B9100A5B914 /* en */ = {isa = PBXFileReference; lastKnownFileType = file.xib; name = en; path = en.lproj/ViewController_iPad.xib; sourceTree = "<group>"; };
		4E8170F215087BCA00A5B914 /* TBundleManager.h */ = {isa = PBXFileReference; fileEncoding = 4; lastKnownFileType = sourcecode.c.h; path = TBundleManager.h; sourceTree = "<group>"; };
		4E8170F315087BCA00A5B914 /* TBundleManager.m */ = {isa = PBXFileReference; fileEncoding = 4; lastKnownFileType = sourcecode.c.objc; path = TBundleManager.m; sourceTree = "<group>"; };
		4E8170F615087BD100A5B914 /* Bundle_iPad.bundle */ = {isa = PBXFileReference; lastKnownFileType = "wrapper.plug-in"; path = Bundle_iPad.bundle; sourceTree = "<group>"; };
		4E8170F715087BD100A5B914 /* Bundle_Normal.bundle */ = {isa = PBXFileReference; lastKnownFileType = "wrapper.plug-in"; path = Bundle_Normal.bundle; sourceTree = "<group>"; };
		4E8170F815087BD100A5B914 /* Bundle_Retina.bundle */ = {isa = PBXFileReference; lastKnownFileType = "wrapper.plug-in"; path = Bundle_Retina.bundle; sourceTree = "<group>"; };
		4E8170FC15087BE200A5B914 /* TImageCacheManager.h */ = {isa = PBXFileReference; fileEncoding = 4; lastKnownFileType = sourcecode.c.h; path = TImageCacheManager.h; sourceTree = "<group>"; };
		4E8170FD15087BE200A5B914 /* TImageCacheManager.m */ = {isa = PBXFileReference; fileEncoding = 4; lastKnownFileType = sourcecode.c.objc; path = TImageCacheManager.m; sourceTree = "<group>"; };
/* End PBXFileReference section */

/* Begin PBXFrameworksBuildPhase section */
		4E8170CA15087B9100A5B914 /* Frameworks */ = {
			isa = PBXFrameworksBuildPhase;
			buildActionMask = 2147483647;
			files = (
				4E8170D215087B9100A5B914 /* UIKit.framework in Frameworks */,
				4E8170D415087B9100A5B914 /* Foundation.framework in Frameworks */,
				4E8170D615087B9100A5B914 /* CoreGraphics.framework in Frameworks */,
			);
			runOnlyForDeploymentPostprocessing = 0;
		};
/* End PBXFrameworksBuildPhase section */

/* Begin PBXGroup section */
		4E8170C215087B9100A5B914 = {
			isa = PBXGroup;
			children = (
				4E8170D715087B9100A5B914 /* TImageManager */,
				4E8170D015087B9100A5B914 /* Frameworks */,
				4E8170CE15087B9100A5B914 /* Products */,
			);
			sourceTree = "<group>";
		};
		4E8170CE15087B9100A5B914 /* Products */ = {
			isa = PBXGroup;
			children = (
				4E8170CD15087B9100A5B914 /* TImageManager.app */,
			);
			name = Products;
			sourceTree = "<group>";
		};
		4E8170D015087B9100A5B914 /* Frameworks */ = {
			isa = PBXGroup;
			children = (
				4E8170D115087B9100A5B914 /* UIKit.framework */,
				4E8170D315087B9100A5B914 /* Foundation.framework */,
				4E8170D515087B9100A5B914 /* CoreGraphics.framework */,
			);
			name = Frameworks;
			sourceTree = "<group>";
		};
		4E8170D715087B9100A5B914 /* TImageManager */ = {
			isa = PBXGroup;
			children = (
				4E8170F515087BD100A5B914 /* Resources */,
				4E8170F115087BCA00A5B914 /* Classes */,
				4E8170E015087B9100A5B914 /* AppDelegate.h */,
				4E8170E115087B9100A5B914 /* AppDelegate.m */,
				4E8170E315087B9100A5B914 /* ViewController.h */,
				4E8170E415087B9100A5B914 /* ViewController.m */,
				4E8170E615087B9100A5B914 /* ViewController_iPhone.xib */,
				4E8170E915087B9100A5B914 /* ViewController_iPad.xib */,
				4E8170D815087B9100A5B914 /* Supporting Files */,
			);
			path = TImageManager;
			sourceTree = "<group>";
		};
		4E8170D815087B9100A5B914 /* Supporting Files */ = {
			isa = PBXGroup;
			children = (
				4E8170D915087B9100A5B914 /* TImageManager-Info.plist */,
				4E8170DA15087B9100A5B914 /* InfoPlist.strings */,
				4E8170DD15087B9100A5B914 /* main.m */,
				4E8170DF15087B9100A5B914 /* TImageManager-Prefix.pch */,
			);
			name = "Supporting Files";
			sourceTree = "<group>";
		};
		4E8170F115087BCA00A5B914 /* Classes */ = {
			isa = PBXGroup;
			children = (
				4E8170F215087BCA00A5B914 /* TBundleManager.h */,
				4E8170F315087BCA00A5B914 /* TBundleManager.m */,
				4E8170FC15087BE200A5B914 /* TImageCacheManager.h */,
				4E8170FD15087BE200A5B914 /* TImageCacheManager.m */,
			);
			path = Classes;
			sourceTree = "<group>";
		};
		4E8170F515087BD100A5B914 /* Resources */ = {
			isa = PBXGroup;
			children = (
				4E8170F615087BD100A5B914 /* Bundle_iPad.bundle */,
				4E8170F715087BD100A5B914 /* Bundle_Normal.bundle */,
				4E8170F815087BD100A5B914 /* Bundle_Retina.bundle */,
			);
			path = Resources;
			sourceTree = "<group>";
		};
/* End PBXGroup section */

/* Begin PBXNativeTarget section */
		4E8170CC15087B9100A5B914 /* TImageManager */ = {
			isa = PBXNativeTarget;
			buildConfigurationList = 4E8170EE15087B9100A5B914 /* Build configuration list for PBXNativeTarget "TImageManager" */;
			buildPhases = (
				4E8170C915087B9100A5B914 /* Sources */,
				4E8170CA15087B9100A5B914 /* Frameworks */,
				4E8170CB15087B9100A5B914 /* Resources */,
			);
			buildRules = (
			);
			dependencies = (
			);
			name = TImageManager;
			productName = TImageManager;
			productReference = 4E8170CD15087B9100A5B914 /* TImageManager.app */;
			productType = "com.apple.product-type.application";
		};
/* End PBXNativeTarget section */

/* Begin PBXProject section */
		4E8170C415087B9100A5B914 /* Project object */ = {
			isa = PBXProject;
			attributes = {
				LastUpgradeCheck = 0430;
			};
			buildConfigurationList = 4E8170C715087B9100A5B914 /* Build configuration list for PBXProject "TImageManager" */;
			compatibilityVersion = "Xcode 3.2";
			developmentRegion = English;
			hasScannedForEncodings = 0;
			knownRegions = (
				en,
			);
			mainGroup = 4E8170C215087B9100A5B914;
			productRefGroup = 4E8170CE15087B9100A5B914 /* Products */;
			projectDirPath = "";
			projectRoot = "";
			targets = (
				4E8170CC15087B9100A5B914 /* TImageManager */,
			);
		};
/* End PBXProject section */

/* Begin PBXResourcesBuildPhase section */
		4E8170CB15087B9100A5B914 /* Resources */ = {
			isa = PBXResourcesBuildPhase;
			buildActionMask = 2147483647;
			files = (
				4E8170DC15087B9100A5B914 /* InfoPlist.strings in Resources */,
				4E8170E815087B9100A5B914 /* ViewController_iPhone.xib in Resources */,
				4E8170EB15087B9100A5B914 /* ViewController_iPad.xib in Resources */,
				4E8170F915087BD100A5B914 /* Bundle_iPad.bundle in Resources */,
				4E8170FA15087BD100A5B914 /* Bundle_Normal.bundle in Resources */,
				4E8170FB15087BD100A5B914 /* Bundle_Retina.bundle in Resources */,
			);
			runOnlyForDeploymentPostprocessing = 0;
		};
/* End PBXResourcesBuildPhase section */

/* Begin PBXSourcesBuildPhase section */
		4E8170C915087B9100A5B914 /* Sources */ = {
			isa = PBXSourcesBuildPhase;
			buildActionMask = 2147483647;
			files = (
				4E8170DE15087B9100A5B914 /* main.m in Sources */,
				4E8170E215087B9100A5B914 /* AppDelegate.m in Sources */,
				4E8170E515087B9100A5B914 /* ViewController.m in Sources */,
				4E8170F415087BCA00A5B914 /* TBundleManager.m in Sources */,
				4E8170FE15087BE200A5B914 /* TImageCacheManager.m in Sources */,
			);
			runOnlyForDeploymentPostprocessing = 0;
		};
/* End PBXSourcesBuildPhase section */

/* Begin PBXVariantGroup section */
		4E8170DA15087B9100A5B914 /* InfoPlist.strings */ = {
			isa = PBXVariantGroup;
			children = (
				4E8170DB15087B9100A5B914 /* en */,
			);
			name = InfoPlist.strings;
			sourceTree = "<group>";
		};
		4E8170E615087B9100A5B914 /* ViewController_iPhone.xib */ = {
			isa = PBXVariantGroup;
			children = (
				4E8170E715087B9100A5B914 /* en */,
			);
			name = ViewController_iPhone.xib;
			sourceTree = "<group>";
		};
		4E8170E915087B9100A5B914 /* ViewController_iPad.xib */ = {
			isa = PBXVariantGroup;
			children = (
				4E8170EA15087B9100A5B914 /* en */,
			);
			name = ViewController_iPad.xib;
			sourceTree = "<group>";
		};
/* End PBXVariantGroup section */

/* Begin XCBuildConfiguration section */
		4E8170EC15087B9100A5B914 /* Debug */ = {
			isa = XCBuildConfiguration;
			buildSettings = {
				ALWAYS_SEARCH_USER_PATHS = NO;
				ARCHS = "$(ARCHS_STANDARD_32_BIT)";
				CODE_SIGN_IDENTITY = "";
				"CODE_SIGN_IDENTITY[sdk=iphoneos*]" = "";
				COPY_PHASE_STRIP = NO;
				GCC_C_LANGUAGE_STANDARD = gnu99;
				GCC_DYNAMIC_NO_PIC = NO;
				GCC_OPTIMIZATION_LEVEL = 0;
				GCC_PREPROCESSOR_DEFINITIONS = (
					"DEBUG=1",
					"$(inherited)",
				);
				GCC_SYMBOLS_PRIVATE_EXTERN = NO;
				GCC_VERSION = com.apple.compilers.llvm.clang.1_0;
				GCC_WARN_ABOUT_RETURN_TYPE = YES;
				GCC_WARN_UNINITIALIZED_AUTOS = YES;
				GCC_WARN_UNUSED_VARIABLE = YES;
				IPHONEOS_DEPLOYMENT_TARGET = 5.0;
				SDKROOT = iphoneos;
				TARGETED_DEVICE_FAMILY = "1,2";
			};
			name = Debug;
		};
		4E8170ED15087B9100A5B914 /* Release */ = {
			isa = XCBuildConfiguration;
			buildSettings = {
				ALWAYS_SEARCH_USER_PATHS = NO;
				ARCHS = "$(ARCHS_STANDARD_32_BIT)";
				CODE_SIGN_IDENTITY = "";
				"CODE_SIGN_IDENTITY[sdk=iphoneos*]" = "";
				COPY_PHASE_STRIP = YES;
				GCC_C_LANGUAGE_STANDARD = gnu99;
				GCC_VERSION = com.apple.compilers.llvm.clang.1_0;
				GCC_WARN_ABOUT_RETURN_TYPE = YES;
				GCC_WARN_UNINITIALIZED_AUTOS = YES;
				GCC_WARN_UNUSED_VARIABLE = YES;
				IPHONEOS_DEPLOYMENT_TARGET = 5.0;
				OTHER_CFLAGS = "-DNS_BLOCK_ASSERTIONS=1";
				SDKROOT = iphoneos;
				TARGETED_DEVICE_FAMILY = "1,2";
				VALIDATE_PRODUCT = YES;
			};
			name = Release;
		};
		4E8170EF15087B9100A5B914 /* Debug */ = {
			isa = XCBuildConfiguration;
			buildSettings = {
				CODE_SIGN_IDENTITY = "";
				"CODE_SIGN_IDENTITY[sdk=iphoneos*]" = "";
				GCC_PRECOMPILE_PREFIX_HEADER = YES;
				GCC_PREFIX_HEADER = "TImageManager/TImageManager-Prefix.pch";
				INFOPLIST_FILE = "TImageManager/TImageManager-Info.plist";
				PRODUCT_NAME = "$(TARGET_NAME)";
				WRAPPER_EXTENSION = app;
			};
			name = Debug;
		};
		4E8170F015087B9100A5B914 /* Release */ = {
			isa = XCBuildConfiguration;
			buildSettings = {
				CODE_SIGN_IDENTITY = "";
				"CODE_SIGN_IDENTITY[sdk=iphoneos*]" = "";
				GCC_PRECOMPILE_PREFIX_HEADER = YES;
				GCC_PREFIX_HEADER = "TImageManager/TImageManager-Prefix.pch";
				INFOPLIST_FILE = "TImageManager/TImageManager-Info.plist";
				PRODUCT_NAME = "$(TARGET_NAME)";
				WRAPPER_EXTENSION = app;
			};
			name = Release;
		};
/* End XCBuildConfiguration section */

/* Begin XCConfigurationList section */
		4E8170C715087B9100A5B914 /* Build configuration list for PBXProject "TImageManager" */ = {
			isa = XCConfigurationList;
			buildConfigurations = (
				4E8170EC15087B9100A5B914 /* Debug */,
				4E8170ED15087B9100A5B914 /* Release */,
			);
			defaultConfigurationIsVisible = 0;
			defaultConfigurationName = Release;
		};
		4E8170EE15087B9100A5B914 /* Build configuration list for PBXNativeTarget "TImageManager" */ = {
			isa = XCConfigurationList;
			buildConfigurations = (
				4E8170EF15087B9100A5B914 /* Debug */,
				4E8170F015087B9100A5B914 /* Release */,
			);
			defaultConfigurationIsVisible = 0;
			defaultConfigurationName = Release;
		};
/* End XCConfigurationList section */
	};
	rootObject = 4E8170C415087B9100A5B914 /* Project object */;
}
